
Microsoft Visual Studio Solution File, Format Version 12.00
# Visual Studio Version 16
VisualStudioVersion = 16.0.29306.81
MinimumVisualStudioVersion = 10.0.40219.1
Project("{8BC9CEB8-8B4A-11D0-8D11-00A0C91BC942}") = "img", "img.vcxproj", "{DFB9107F-6A41-48A2-A249-90042552236F}"
EndProject
Global
	GlobalSection(SolutionConfigurationPlatforms) = preSolution
		Debug|x64 = Debug|x64
		Debug|x86 = Debug|x86
		Release|x64 = Release|x64
		Release|x86 = Release|x86
	EndGlobalSection
	GlobalSection(ProjectConfigurationPlatforms) = postSolution
		{DFB9107F-6A41-48A2-A249-90042552236F}.Debug|x64.ActiveCfg = Debug|x64
		{DFB9107F-6A41-48A2-A249-90042552236F}.Debug|x64.Build.0 = Debug|x64
		{DFB9107F-6A41-48A2-A249-90042552236F}.Debug|x86.ActiveCfg = Debug|Win32
		{DFB9107F-6A41-48A2-A249-90042552236F}.Debug|x86.Build.0 = Debug|Win32
		{DFB9107F-6A41-48A2-A249-90042552236F}.Release|x64.ActiveCfg = Release|x64
		{DFB9107F-6A41-48A2-A249-90042552236F}.Release|x64.Build.0 = Release|x64
		{DFB9107F-6A41-48A2-A249-90042552236F}.Release|x86.ActiveCfg = Release|Win32
		{DFB9107F-6A41-48A2-A249-90042552236F}.Release|x86.Build.0 = Release|Win32
	EndGlobalSection
	GlobalSection(SolutionProperties) = preSolution
		HideSolutionNode = FALSE
	EndGlobalSection
	GlobalSection(ExtensibilityGlobals) = postSolution
		SolutionGuid = {77C59502-E188-4B5A-AD57-C039FE639350}
	EndGlobalSection
EndGlobal
